{
    "_meta": {
        "hash": {
            "sha256": "36c1431252bbeb122722caddf06bcabe35b940857d09314b45cea244b7806206"
        },
        "pipfile-spec": 6,
        "requires": {
            "python_version": "3.10"
        },
        "sources": [
            {
                "name": "pypi",
                "url": "https://pypi.org/simple",
                "verify_ssl": true
            }
        ]
    },
    "default": {
        "atomicwrites": {
            "hashes": [
                "sha256:6d1784dea7c0c8d4a5172b6c620f40b6e4cbfdf96d783691f2e1302a7b88e197",
                "sha256:ae70396ad1a434f9c7046fd2dd196fc04b12f9e91ffb859164193be8b6168a7a"
            ],
            "index": "pypi",
            "version": "==1.4.0"
        },
        "attrs": {
            "hashes": [
                "sha256:149e90d6d8ac20db7a955ad60cf0e6881a3f20d37096140088356da6c716b0b1",
                "sha256:ef6aaac3ca6cd92904cdd0d83f629a15f18053ec84e6432106f7a4d04ae4f5fb"
            ],
            "markers": "python_version >= '2.7' and python_version not in '3.0, 3.1, 3.2, 3.3, 3.4'",
            "version": "==21.2.0"
        },
        "autopep8": {
            "hashes": [
                "sha256:44f0932855039d2c15c4510d6df665e4730f2b8582704fa48f9c55bd3e17d979",
                "sha256:ed77137193bbac52d029a52c59bec1b0629b5a186c495f1eb21b126ac466083f"
            ],
            "index": "pypi",
            "version": "==1.6.0"
        },
        "certifi": {
            "hashes": [
                "sha256:78884e7c1d4b00ce3cea67b44566851c4343c120abd683433ce934a68ea58872",
                "sha256:d62a0163eb4c2344ac042ab2bdf75399a71a2d8c7d47eac2e2ee91b9d6339569"
            ],
            "version": "==2021.10.8"
        },
        "charset-normalizer": {
            "hashes": [
                "sha256:1eecaa09422db5be9e29d7fc65664e6c33bd06f9ced7838578ba40d58bdf3721",
                "sha256:b0b883e8e874edfdece9c28f314e3dd5badf067342e42fb162203335ae61aa2c"
            ],
            "markers": "python_version >= '3'",
            "version": "==2.0.9"
        },
        "click": {
            "hashes": [
                "sha256:353f466495adaeb40b6b5f592f9f91cb22372351c84caeb068132442a4518ef3",
                "sha256:410e932b050f5eed773c4cda94de75971c89cdb3155a72a0831139a79e5ecb5b"
            ],
            "markers": "python_version >= '3.6'",
            "version": "==8.0.3"
        },
        "flask": {
            "hashes": [
                "sha256:7b2fb8e934ddd50731893bdcdb00fc8c0315916f9fcd50d22c7cc1a95ab634e2",
                "sha256:cb90f62f1d8e4dc4621f52106613488b5ba826b2e1e10a33eac92f723093ab6a"
            ],
            "index": "pypi",
            "version": "==2.0.2"
        },
        "flask-cors": {
            "hashes": [
                "sha256:74efc975af1194fc7891ff5cd85b0f7478be4f7f59fe158102e91abb72bb4438",
                "sha256:b60839393f3b84a0f3746f6cdca56c1ad7426aa738b70d6c61375857823181de"
            ],
            "index": "pypi",
            "version": "==3.0.10"
        },
        "future-fstrings": {
            "hashes": [
                "sha256:6cf41cbe97c398ab5a81168ce0dbb8ad95862d3caf23c21e4430627b90844089",
                "sha256:90e49598b553d8746c4dc7d9442e0359d038c3039d802c91c0a55505da318c63"
            ],
            "markers": "python_version >= '2.7' and python_version not in '3.0, 3.1, 3.2, 3.3'",
            "version": "==1.2.0"
        },
        "idna": {
            "hashes": [
                "sha256:84d9dd047ffa80596e0f246e2eab0b391788b0503584e8945f2368256d2735ff",
                "sha256:9d643ff0a55b762d5cdb124b8eaa99c66322e2157b69160bc32796e824360e6d"
            ],
            "markers": "python_version >= '3'",
            "version": "==3.3"
        },
        "iniconfig": {
            "hashes": [
                "sha256:011e24c64b7f47f6ebd835bb12a743f2fbe9a26d4cecaa7f53bc4f35ee9da8b3",
                "sha256:bc3af051d7d14b2ee5ef9969666def0cd1a000e121eaea580d4a313df4b37f32"
            ],
            "version": "==1.1.1"
        },
        "itsdangerous": {
            "hashes": [
                "sha256:5174094b9637652bdb841a3029700391451bd092ba3db90600dea710ba28e97c",
                "sha256:9e724d68fc22902a1435351f84c3fb8623f303fffcc566a4cb952df8c572cff0"
            ],
            "markers": "python_version >= '3.6'",
            "version": "==2.0.1"
        },
        "jinja2": {
            "hashes": [
                "sha256:077ce6014f7b40d03b47d1f1ca4b0fc8328a692bd284016f806ed0eaca390ad8",
                "sha256:611bb273cd68f3b993fabdc4064fc858c5b47a973cb5aa7999ec1ba405c87cd7"
            ],
            "markers": "python_version >= '3.6'",
            "version": "==3.0.3"
        },
        "lxml": {
            "hashes": [
                "sha256:08eb9200d88b376a8ed5e50f1dc1d1a45b49305169674002a3b5929943390591",
                "sha256:0b12c95542f04d10cba46b3ff28ea52ea56995b78cf918f0b11b05e75812bb79",
                "sha256:0c15e1cd55055956e77b0732270f1c6005850696bc3ef3e03d01e78af84eaa42",
                "sha256:15d0381feb56f08f78c5cc4fc385ddfe0bde1456e37f54a9322833371aec4060",
                "sha256:197b7cb7a753cf553a45115739afd8458464a28913da00f5c525063f94cd3f48",
                "sha256:20d7c8d90d449c6a353b15ee0459abae8395dbe59ad01e406ccbf30cd81c6f98",
                "sha256:240db6f3228d26e3c6f4fad914b9ddaaf8707254e8b3efd564dc680c8ec3c264",
                "sha256:2901625f4a878a055d275beedc20ba9cb359cefc4386a967222fee29eb236038",
                "sha256:2b06a91cf7b8acea7793006e4ae50646cef0fe35ce5acd4f5cb1c77eb228e4a1",
                "sha256:2eb90f6ec3c236ef2f1bb38aee7c0d23e77d423d395af6326e7cca637519a4cb",
                "sha256:351482da8dd028834028537f08724b1de22d40dcf3bb723b469446564f409074",
                "sha256:35752ee40f7bbf6adc9ff4e1f4b84794a3593736dcce80db32e3c2aa85e294ac",
                "sha256:38b9de0de3aa689fe9fb9877ae1be1e83b8cf9621f7e62049d0436b9ecf4ad64",
                "sha256:433df8c7dde0f9e41cbf4f36b0829d50a378116ef5e962ba3881f2f5f025c7be",
                "sha256:4341d135f5660db10184963d9c3418c3e28d7f868aaf8b11a323ebf85813f7f4",
                "sha256:45fdb2899c755138722797161547a40b3e2a06feda620cc41195ee7e97806d81",
                "sha256:4717123f7c11c81e0da69989e5a64079c3f402b0efeb4c6241db6c369d657bd8",
                "sha256:47e955112ce64241fdb357acf0216081f9f3255b3ac9c502ca4b3323ec1ca558",
                "sha256:48eaac2991b3036175b42ee8d3c23f4cca13f2be8426bf29401a690ab58c88f4",
                "sha256:4aa349c5567651f34d4eaae7de6ed5b523f6d70a288f9c6fbac22d13a0784e04",
                "sha256:4ba74afe5ee5cb5e28d83b513a6e8f0875fda1dc1a9aea42cc0065f029160d2a",
                "sha256:4ec9a80dd5704ecfde54319b6964368daf02848c8954d3bacb9b64d1c7659159",
                "sha256:50790313df028aa05cf22be9a8da033b86c42fa32523e4fd944827b482b17bf0",
                "sha256:51a0e5d243687596f46e24e464121d4b232ad772e2d1785b2a2c0eb413c285d4",
                "sha256:523f195948a1ba4f9f5b7294d83c6cd876547dc741820750a7e5e893a24bbe38",
                "sha256:543b239b191bb3b6d9bef5f09f1fb2be5b7eb09ab4d386aa655e4d53fbe9ff47",
                "sha256:5ff5bb2a198ea67403bb6818705e9a4f90e0313f2215428ec51001ce56d939fb",
                "sha256:601f0ab75538b280aaf1e720eb9d68d4fa104ac274e1e9e6971df488f4dcdb0f",
                "sha256:6020c70ff695106bf80651953a23e37718ef1fee9abd060dcad8e32ab2dc13f3",
                "sha256:619c6d2b552bba00491e96c0518aad94002651c108a0f7364ff2d7798812c00e",
                "sha256:6298f5b42a26581206ef63fffa97c754245d329414108707c525512a5197f2ba",
                "sha256:662523cd2a0246740225c7e32531f2e766544122e58bee70e700a024cfc0cf81",
                "sha256:6764998345552b1dfc9326a932d2bad6367c6b37a176bb73ada6b9486bf602f7",
                "sha256:6d422b3c729737d8a39279a25fa156c983a56458f8b2f97661ee6fb22b80b1d6",
                "sha256:72e730d33fe2e302fd07285f14624fca5e5e2fb2bb4fb2c3941e318c41c443d1",
                "sha256:75d3c5bbc0ddbad03bb68b9be638599f67e4b98ed3dcd0fec9f6f39e41ee96cb",
                "sha256:7ae7089d81fc502df4b217ad77f03c54039fe90dac0acbe70448d7e53bfbc57e",
                "sha256:80d10d53d3184837445ff8562021bdd37f57c4cadacbf9d8726cc16220a00d54",
                "sha256:877666418598f6cb289546c77ff87590cfd212f903b522b0afa0b9fb73b3ccfb",
                "sha256:9b87727561c1150c0cc91c5d9d389448b37a7d15f0ba939ed3d1acb2f11bf6c5",
                "sha256:9c91a73971a922c13070fd8fa5a114c858251791ba2122a941e6aa781c713e44",
                "sha256:9db24803fa71e3305fe4a7812782b708da21a0b774b130dd1860cf40a6d7a3ee",
                "sha256:a75c1ad05eedb1a3ff2a34a52a4f0836cfaa892e12796ba39a7732c82701eff4",
                "sha256:a77a3470ba37e11872c75ca95baf9b3312133a3d5a5dc720803b23098c653976",
                "sha256:ab6db93a2b6b66cbf62b4e4a7135f476e708e8c5c990d186584142c77d7f975a",
                "sha256:afd60230ad9d8bcba005945ec3a343722f09e0b7f8ae804246e5d2cfc6bd71a6",
                "sha256:b0ca0ada9d3bc18bd6f611bd001a28abdd49ab9698bd6d717f7f5394c8e94628",
                "sha256:b567178a74a2261345890eac66fbf394692a6e002709d329f28a673ca6042473",
                "sha256:b667c51682fe9b9788c69465956baa8b6999531876ccedcafc895c74ad716cd8",
                "sha256:bbf2dc330bd44bfc0254ab37677ec60f7c7ecea55ad8ba1b8b2ea7bf20c265f5",
                "sha256:bdc224f216ead849e902151112efef6e96c41ee1322e15d4e5f7c8a826929aee",
                "sha256:cf201bf5594d1aab139fe53e3fca457e4f8204a5bbd65d48ab3b82a16f517868",
                "sha256:d43bd68714049c84e297c005456a15ecdec818f7b5aa5868c8b0a865cfb78a44",
                "sha256:daf9bd1fee31f1c7a5928b3e1059e09a8d683ea58fb3ffc773b6c88cb8d1399c",
                "sha256:e678a643177c0e5ec947b645fa7bc84260dfb9b6bf8fb1fdd83008dfc2ca5928",
                "sha256:e91d24623e747eeb2d8121f4a94c6a7ad27dc48e747e2dc95bfe88632bd028a2",
                "sha256:e95da348d57eb448d226a44b868ff2ca5786fbcbe417ac99ff62d0a7d724b9c7",
                "sha256:ee9e4b07b0eba4b6a521509e9e1877476729c1243246b6959de697ebea739643",
                "sha256:f5dd358536b8a964bf6bd48de038754c1609e72e5f17f5d21efe2dda17594dbf",
                "sha256:ffd65cfa33fed01735c82aca640fde4cc63f0414775cba11e06f84fae2085a6e"
            ],
            "markers": "python_version >= '2.7' and python_version not in '3.0, 3.1, 3.2, 3.3, 3.4'",
            "version": "==4.6.4"
        },
        "markupsafe": {
            "hashes": [
                "sha256:01a9b8ea66f1658938f65b93a85ebe8bc016e6769611be228d797c9d998dd298",
                "sha256:023cb26ec21ece8dc3907c0e8320058b2e0cb3c55cf9564da612bc325bed5e64",
                "sha256:0446679737af14f45767963a1a9ef7620189912317d095f2d9ffa183a4d25d2b",
                "sha256:04635854b943835a6ea959e948d19dcd311762c5c0c6e1f0e16ee57022669194",
                "sha256:0717a7390a68be14b8c793ba258e075c6f4ca819f15edfc2a3a027c823718567",
                "sha256:0955295dd5eec6cb6cc2fe1698f4c6d84af2e92de33fbcac4111913cd100a6ff",
                "sha256:0d4b31cc67ab36e3392bbf3862cfbadac3db12bdd8b02a2731f509ed5b829724",
                "sha256:10f82115e21dc0dfec9ab5c0223652f7197feb168c940f3ef61563fc2d6beb74",
                "sha256:168cd0a3642de83558a5153c8bd34f175a9a6e7f6dc6384b9655d2697312a646",
                "sha256:1d609f577dc6e1aa17d746f8bd3c31aa4d258f4070d61b2aa5c4166c1539de35",
                "sha256:1f2ade76b9903f39aa442b4aadd2177decb66525062db244b35d71d0ee8599b6",
                "sha256:20dca64a3ef2d6e4d5d615a3fd418ad3bde77a47ec8a23d984a12b5b4c74491a",
                "sha256:2a7d351cbd8cfeb19ca00de495e224dea7e7d919659c2841bbb7f420ad03e2d6",
                "sha256:2d7d807855b419fc2ed3e631034685db6079889a1f01d5d9dac950f764da3dad",
                "sha256:2ef54abee730b502252bcdf31b10dacb0a416229b72c18b19e24a4509f273d26",
                "sha256:36bc903cbb393720fad60fc28c10de6acf10dc6cc883f3e24ee4012371399a38",
                "sha256:37205cac2a79194e3750b0af2a5720d95f786a55ce7df90c3af697bfa100eaac",
                "sha256:3c112550557578c26af18a1ccc9e090bfe03832ae994343cfdacd287db6a6ae7",
                "sha256:3dd007d54ee88b46be476e293f48c85048603f5f516008bee124ddd891398ed6",
                "sha256:4296f2b1ce8c86a6aea78613c34bb1a672ea0e3de9c6ba08a960efe0b0a09047",
                "sha256:47ab1e7b91c098ab893b828deafa1203de86d0bc6ab587b160f78fe6c4011f75",
                "sha256:49e3ceeabbfb9d66c3aef5af3a60cc43b85c33df25ce03d0031a608b0a8b2e3f",
                "sha256:4dc8f9fb58f7364b63fd9f85013b780ef83c11857ae79f2feda41e270468dd9b",
                "sha256:4efca8f86c54b22348a5467704e3fec767b2db12fc39c6d963168ab1d3fc9135",
                "sha256:53edb4da6925ad13c07b6d26c2a852bd81e364f95301c66e930ab2aef5b5ddd8",
                "sha256:5855f8438a7d1d458206a2466bf82b0f104a3724bf96a1c781ab731e4201731a",
                "sha256:594c67807fb16238b30c44bdf74f36c02cdf22d1c8cda91ef8a0ed8dabf5620a",
                "sha256:5b6d930f030f8ed98e3e6c98ffa0652bdb82601e7a016ec2ab5d7ff23baa78d1",
                "sha256:5bb28c636d87e840583ee3adeb78172efc47c8b26127267f54a9c0ec251d41a9",
                "sha256:60bf42e36abfaf9aff1f50f52644b336d4f0a3fd6d8a60ca0d054ac9f713a864",
                "sha256:611d1ad9a4288cf3e3c16014564df047fe08410e628f89805e475368bd304914",
                "sha256:6300b8454aa6930a24b9618fbb54b5a68135092bc666f7b06901f897fa5c2fee",
                "sha256:63f3268ba69ace99cab4e3e3b5840b03340efed0948ab8f78d2fd87ee5442a4f",
                "sha256:6557b31b5e2c9ddf0de32a691f2312a32f77cd7681d8af66c2692efdbef84c18",
                "sha256:693ce3f9e70a6cf7d2fb9e6c9d8b204b6b39897a2c4a1aa65728d5ac97dcc1d8",
                "sha256:6a7fae0dd14cf60ad5ff42baa2e95727c3d81ded453457771d02b7d2b3f9c0c2",
                "sha256:6c4ca60fa24e85fe25b912b01e62cb969d69a23a5d5867682dd3e80b5b02581d",
                "sha256:6fcf051089389abe060c9cd7caa212c707e58153afa2c649f00346ce6d260f1b",
                "sha256:7d91275b0245b1da4d4cfa07e0faedd5b0812efc15b702576d103293e252af1b",
                "sha256:89c687013cb1cd489a0f0ac24febe8c7a666e6e221b783e53ac50ebf68e45d86",
                "sha256:8d206346619592c6200148b01a2142798c989edcb9c896f9ac9722a99d4e77e6",
                "sha256:905fec760bd2fa1388bb5b489ee8ee5f7291d692638ea5f67982d968366bef9f",
                "sha256:97383d78eb34da7e1fa37dd273c20ad4320929af65d156e35a5e2d89566d9dfb",
                "sha256:984d76483eb32f1bcb536dc27e4ad56bba4baa70be32fa87152832cdd9db0833",
                "sha256:99df47edb6bda1249d3e80fdabb1dab8c08ef3975f69aed437cb69d0a5de1e28",
                "sha256:9f02365d4e99430a12647f09b6cc8bab61a6564363f313126f775eb4f6ef798e",
                "sha256:a30e67a65b53ea0a5e62fe23682cfe22712e01f453b95233b25502f7c61cb415",
                "sha256:ab3ef638ace319fa26553db0624c4699e31a28bb2a835c5faca8f8acf6a5a902",
                "sha256:aca6377c0cb8a8253e493c6b451565ac77e98c2951c45f913e0b52facdcff83f",
                "sha256:add36cb2dbb8b736611303cd3bfcee00afd96471b09cda130da3581cbdc56a6d",
                "sha256:b2f4bf27480f5e5e8ce285a8c8fd176c0b03e93dcc6646477d4630e83440c6a9",
                "sha256:b7f2d075102dc8c794cbde1947378051c4e5180d52d276987b8d28a3bd58c17d",
                "sha256:baa1a4e8f868845af802979fcdbf0bb11f94f1cb7ced4c4b8a351bb60d108145",
                "sha256:be98f628055368795d818ebf93da628541e10b75b41c559fdf36d104c5787066",
                "sha256:bf5d821ffabf0ef3533c39c518f3357b171a1651c1ff6827325e4489b0e46c3c",
                "sha256:c47adbc92fc1bb2b3274c4b3a43ae0e4573d9fbff4f54cd484555edbf030baf1",
                "sha256:cdfba22ea2f0029c9261a4bd07e830a8da012291fbe44dc794e488b6c9bb353a",
                "sha256:d6c7ebd4e944c85e2c3421e612a7057a2f48d478d79e61800d81468a8d842207",
                "sha256:d7f9850398e85aba693bb640262d3611788b1f29a79f0c93c565694658f4071f",
                "sha256:d8446c54dc28c01e5a2dbac5a25f071f6653e6e40f3a8818e8b45d790fe6ef53",
                "sha256:deb993cacb280823246a026e3b2d81c493c53de6acfd5e6bfe31ab3402bb37dd",
                "sha256:e0f138900af21926a02425cf736db95be9f4af72ba1bb21453432a07f6082134",
                "sha256:e9936f0b261d4df76ad22f8fee3ae83b60d7c3e871292cd42f40b81b70afae85",
                "sha256:f0567c4dc99f264f49fe27da5f735f414c4e7e7dd850cfd8e69f0862d7c74ea9",
                "sha256:f5653a225f31e113b152e56f154ccbe59eeb1c7487b39b9d9f9cdb58e6c79dc5",
                "sha256:f826e31d18b516f653fe296d967d700fddad5901ae07c622bb3705955e1faa94",
                "sha256:f8ba0e8349a38d3001fae7eadded3f6606f0da5d748ee53cc1dab1d6527b9509",
                "sha256:f9081981fe268bd86831e5c75f7de206ef275defcb82bc70740ae6dc507aee51",
                "sha256:fa130dd50c57d53368c9d59395cb5526eda596d3ffe36666cd81a44d56e48872"
            ],
            "markers": "python_version >= '3.6'",
            "version": "==2.0.1"
        },
        "numpy": {
            "hashes": [
                "sha256:0b78ecfa070460104934e2caf51694ccd00f37d5e5dbe76f021b1b0b0d221823",
                "sha256:1247ef28387b7bb7f21caf2dbe4767f4f4175df44d30604d42ad9bd701ebb31f",
                "sha256:1403b4e2181fc72664737d848b60e65150f272fe5a1c1cbc16145ed43884065a",
                "sha256:170b2a0805c6891ca78c1d96ee72e4c3ed1ae0a992c75444b6ab20ff038ba2cd",
                "sha256:2e4ed57f45f0aa38beca2a03b6532e70e548faf2debbeb3291cfc9b315d9be8f",
                "sha256:32fe5b12061f6446adcbb32cf4060a14741f9c21e15aaee59a207b6ce6423469",
                "sha256:34f3456f530ae8b44231c63082c8899fe9c983fd9b108c997c4b1c8c2d435333",
                "sha256:4c9c23158b87ed0e70d9a50c67e5c0b3f75bcf2581a8e34668d4e9d7474d76c6",
                "sha256:5d95668e727c75b3f5088ec7700e260f90ec83f488e4c0aaccb941148b2cd377",
                "sha256:615d4e328af7204c13ae3d4df7615a13ff60a49cb0d9106fde07f541207883ca",
                "sha256:69077388c5a4b997442b843dbdc3a85b420fb693ec8e33020bb24d647c164fa5",
                "sha256:74b85a17528ca60cf98381a5e779fc0264b4a88b46025e6bcbe9621f46bb3e63",
                "sha256:81225e58ef5fce7f1d80399575576fc5febec79a8a2742e8ef86d7b03beef49f",
                "sha256:8890b3360f345e8360133bc078d2dacc2843b6ee6059b568781b15b97acbe39f",
                "sha256:92aafa03da8658609f59f18722b88f0a73a249101169e28415b4fa148caf7e41",
                "sha256:9864424631775b0c052f3bd98bc2712d131b3e2cd95d1c0c68b91709170890b0",
                "sha256:9e6f5f50d1eff2f2f752b3089a118aee1ea0da63d56c44f3865681009b0af162",
                "sha256:a3deb31bc84f2b42584b8c4001c85d1934dbfb4030827110bc36bfd11509b7bf",
                "sha256:ad010846cdffe7ec27e3f933397f8a8d6c801a48634f419e3d075db27acf5880",
                "sha256:b1e2312f5b8843a3e4e8224b2b48fe16119617b8fc0a54df8f50098721b5bed2",
                "sha256:bc988afcea53e6156546e5b2885b7efab089570783d9d82caf1cfd323b0bb3dd",
                "sha256:c449eb870616a7b62e097982c622d2577b3dbc800aaf8689254ec6e0197cbf1e",
                "sha256:c74c699b122918a6c4611285cc2cad4a3aafdb135c22a16ec483340ef97d573c",
                "sha256:c885bfc07f77e8fee3dc879152ba993732601f1f11de248d4f357f0ffea6a6d4",
                "sha256:e3c3e990274444031482a31280bf48674441e0a5b55ddb168f3a6db3e0c38ec8",
                "sha256:e4799be6a2d7d3c33699a6f77201836ac975b2e1b98c2a07f66a38f499cb50ce",
                "sha256:e6c76a87633aa3fa16614b61ccedfae45b91df2767cf097aa9c933932a7ed1e0",
                "sha256:e89717274b41ebd568cd7943fc9418eeb49b1785b66031bc8a7f6300463c5898",
                "sha256:f5162ec777ba7138906c9c274353ece5603646c6965570d82905546579573f73",
                "sha256:fde96af889262e85aa033f8ee1d3241e32bf36228318a61f1ace579df4e8170d"
            ],
            "markers": "python_version < '3.11' and python_version >= '3.7'",
            "version": "==1.21.4"
        },
        "opencv-python": {
            "hashes": [
                "sha256:1617dc24fe670f128fc49e0b57f1fecdc7b41babd2ccc9b7a1d9491045e32c27",
                "sha256:22765c4a9249bca0764a9ae82fe849a43708db21a9984ac1406503db97816bee",
                "sha256:26dccfb820e01ba822255d093139934a26ad4c5e8a74a7b79e71f8d5c2a0d186",
                "sha256:340999b852ca03f1f4ec058f3bb71dfb45b9b1b538fad13985e6fea8abbd6eb0",
                "sha256:34ff0af4a40a36aa19e02a3efd27b4f68afbf60d631d1fd1aeb5b73b525943d7",
                "sha256:3eed69cb9a95fc51ecc5463f2d5f50dcc8b9e01dc5ae8dbb423df2937f415304",
                "sha256:5eab0f45a33fdbb62a6984538a97e9f8b33d370afd35face04036a3195dbb787",
                "sha256:5f62798d00efc1299cc87fcc788b11d0541114f0df35e0f2033c34751e4f708e",
                "sha256:5fe9ba0be2f0f15e64ccd19c9d050d163cc70d9b718b6a03564056c0ae4be8e8",
                "sha256:62161bf98661baa7dbc13971bd873303a28d5ef1c5f00e6a030b6e6da2025abd",
                "sha256:7c95121d88c18affb3ac338d7faa137f7ccaa801c07db5a43d775f95d0f50ec1",
                "sha256:7d0bce53e1edf6e5d4eafd274bcfa314b506a10f12bce74f15b0a52cbadb87db",
                "sha256:811f0df2a3ecaf7dacd77394862f3e0a04feedae190a51fd50c243016f1da7ff",
                "sha256:84fdfbb88836039e812f36cdc4a9c8bd330827084b0849ffec7a0b143ad980d9",
                "sha256:9141e88bfa67d9d4ac750fec18449065d105b8b3d00bbfb58b097bcc4fa6f018",
                "sha256:93704f7f873acb4fdb0fe62f9b62c000ec0e5a4c6af55578fd596b089dc4eb4f",
                "sha256:9aa3d2fcaad79681720128ffe402a2ad9fbb524826a431ae9773d29ae3075967",
                "sha256:9e9c2835c853d45b8f73628e14ca358e0d15132a703e7728a35269fa233792fc",
                "sha256:9e9d4e11b6e50ebe726daa2f0f7724fd877769476e352a7274f2107a3094de40",
                "sha256:aa6b688804e8590851d5f7c96886c9bd8cdd105c7ae6776f03c5ecd35465c062",
                "sha256:abfecb14c7fc23c5c1337a71b67cc852d79de67311a9a557c41a37bf5de35bf9",
                "sha256:b336f17bf90be734ec6d1bbbfc9fa8130fb1c110ff0746ab4374ba0422ea15a5",
                "sha256:b861c96a31d5d9c60fd0e4e8b05eb258a2da0ec77e7eae5711a71159627c1548",
                "sha256:ba0fb91d916fce3f6b7ac5be2d365d3949ba8a176262cf6a6dd366967544fa4d",
                "sha256:e688176481d9ace9f166eac9dbb0313cbb9b4d1aef82e57632c4db404bd33942",
                "sha256:eebe92d48833fe244ef19b88bcd8f7c4f61713a4f6d46694dd538025ac38aa1c",
                "sha256:f5902060f14a83d363163dd1bbf54876977c379fb56666e5557394eecca1f364",
                "sha256:f609558a8fe1bf66f6c81816ca14d8e51500c8b53ee44bc644c73f98f1c5655e",
                "sha256:fb8b81e1756522def5518914d916205da5cf34796b60adb592373991d100c769",
                "sha256:febc6e52db03cc0ca1cd2fc56c8f94ac15349ca19d10732261c766c463e681a6"
            ],
            "index": "pypi",
            "version": "==4.5.4.60"
        },
        "ordered-set": {
            "hashes": [
                "sha256:ba93b2df055bca202116ec44b9bead3df33ea63a7d5827ff8e16738b97f33a95"
            ],
            "markers": "python_version >= '3.5'",
            "version": "==4.0.2"
        },
        "packaging": {
            "hashes": [
                "sha256:dd47c42927d89ab911e606518907cc2d3a1f38bbd026385970643f9c5b8ecfeb",
                "sha256:ef103e05f519cdc783ae24ea4e2e0f508a9c99b2d4969652eed6a2e1ea5bd522"
            ],
            "markers": "python_version >= '3.6'",
            "version": "==21.3"
        },
        "pluggy": {
            "hashes": [
                "sha256:4224373bacce55f955a878bf9cfa763c1e360858e330072059e10bad68531159",
                "sha256:74134bbf457f031a36d68416e1509f34bd5ccc019f0bcc952c7b909d06b37bd3"
            ],
            "markers": "python_version >= '3.6'",
            "version": "==1.0.0"
        },
        "py": {
            "hashes": [
                "sha256:51c75c4126074b472f746a24399ad32f6053d1b34b68d2fa41e558e6f4a98719",
                "sha256:607c53218732647dff4acdfcd50cb62615cedf612e72d1724fb1a0cc6405b378"
            ],
            "markers": "python_version >= '2.7' and python_version not in '3.0, 3.1, 3.2, 3.3, 3.4'",
            "version": "==1.11.0"
        },
        "pycodestyle": {
            "hashes": [
                "sha256:720f8b39dde8b293825e7ff02c475f3077124006db4f440dcbc9a20b76548a20",
                "sha256:eddd5847ef438ea1c7870ca7eb78a9d47ce0cdb4851a5523949f2601d0cbbe7f"
            ],
            "markers": "python_version >= '2.7' and python_version not in '3.0, 3.1, 3.2, 3.3, 3.4'",
            "version": "==2.8.0"
        },
        "pydeps": {
            "hashes": [
                "sha256:32659da82b220a0e4f8f7b2a618d3d590dc6525850df86d10427cc1be0dbe55d",
                "sha256:712a44a211f47b9b5a1ff6e98e2765ed3fbaf926c194ea6081d4893786c576ec"
            ],
            "index": "pypi",
            "version": "==1.10.12"
        },
        "pyecore": {
            "hashes": [
                "sha256:4fb417df37fc5433da37f3d42724f7c4cc36cbbe63988f3e43ad7653e0808387",
                "sha256:8ebbefea2fcb97602ddb9eb859ae15d7c0900231128da92e10b7f9a9e1a29b76"
            ],
            "index": "pypi",
            "version": "==0.12.2"
        },
        "pyecoregen": {
            "hashes": [
                "sha256:3e675ea2f60cf0e0cb0cb9bf4ba41692eb966110bf457f6f38d7a35ebac66d3a",
                "sha256:c7467d91b43b80ca4eb7c9b8c54413c6d6fdbf0f8ee26820a4843b76d5c36b1f"
            ],
            "index": "pypi",
            "version": "==0.5.1"
        },
        "pymultigen": {
            "hashes": [
                "sha256:b84b8d7227354ba7373db3ea04b0ecc4c87fffc3e980be447c0d0b4428b6f492"
            ],
            "version": "==0.2.0"
        },
        "pyparsing": {
            "hashes": [
                "sha256:04ff808a5b90911829c55c4e26f75fa5ca8a2f5f36aa3a51f68e27033341d3e4",
                "sha256:d9bdec0013ef1eb5a84ab39a3b3868911598afa494f5faa038647101504e2b81"
            ],
            "markers": "python_version >= '3.6'",
            "version": "==3.0.6"
        },
        "pytest": {
            "hashes": [
                "sha256:131b36680866a76e6781d13f101efb86cf674ebb9762eb70d3082b6f29889e89",
                "sha256:7310f8d27bc79ced999e760ca304d69f6ba6c6649c0b60fb0e04a4a77cacc134"
            ],
            "index": "pypi",
            "version": "==6.2.5"
        },
        "requests": {
            "hashes": [
                "sha256:6c1246513ecd5ecd4528a0906f910e8f0f9c6b8ec72030dc9fd154dc1a6efd24",
                "sha256:b8aa58f8cf793ffd8782d3d8cb19e66ef36f7aba4353eec859e74678b01b07a7"
            ],
            "index": "pypi",
            "version": "==2.26.0"
        },
        "restrictedpython": {
            "hashes": [
                "sha256:634da1f6c5c122a262f433b083ee3d17a9a039f8f1b3778597efb47461cd361b",
                "sha256:fdf8621034c5dcb990a2a198f232f66b2d48866dd16d848e00ac7d187ae452ba"
            ],
            "markers": "python_version >= '2.7' and python_version not in '3.0, 3.1, 3.2, 3.3, 3.4' and python_version < '3.11'",
            "version": "==5.2"
        },
        "six": {
            "hashes": [
                "sha256:1e61c37477a1626458e36f7b1d82aa5c9b094fa4802892072e49de9c60c4c926",
                "sha256:8abb2f1d86890a2dfb989f9a77cfcfd3e47c2a354b01111771326f8aa26e0254"
            ],
            "markers": "python_version >= '2.7' and python_version not in '3.0, 3.1, 3.2, 3.3'",
            "version": "==1.16.0"
        },
        "stdlib-list": {
            "hashes": [
                "sha256:2ae0712a55b68f3fbbc9e58d6fa1b646a062188f49745b495f94d3310a9fdd3e",
                "sha256:a1e503719720d71e2ed70ed809b385c60cd3fb555ba7ec046b96360d30b16d9f"
            ],
            "version": "==0.8.0"
        },
        "toml": {
            "hashes": [
                "sha256:806143ae5bfb6a3c6e736a764057db0e6a0e05e338b5630894a5f779cabb4f9b",
                "sha256:b3bda1d108d5dd99f4a20d24d9c348e91c4db7ab1b749200bded2f839ccbe68f"
            ],
            "markers": "python_version >= '2.6' and python_version not in '3.0, 3.1, 3.2, 3.3'",
            "version": "==0.10.2"
        },
        "urllib3": {
            "hashes": [
                "sha256:4987c65554f7a2dbf30c18fd48778ef124af6fab771a377103da0585e2336ece",
                "sha256:c4fdf4019605b6e5423637e01bc9fe4daef873709a7973e195ceba0a62bbc844"
            ],
            "markers": "python_version >= '2.7' and python_version not in '3.0, 3.1, 3.2, 3.3, 3.4' and python_version < '4'",
            "version": "==1.26.7"
        },
        "werkzeug": {
            "hashes": [
                "sha256:63d3dc1cf60e7b7e35e97fa9861f7397283b75d765afcaefd993d6046899de8f",
                "sha256:aa2bb6fc8dee8d6c504c0ac1e7f5f7dc5810a9903e793b6f715a9f015bdadb9a"
            ],
            "markers": "python_version >= '3.6'",
            "version": "==2.0.2"
        }
    },
    "develop": {}
}
